
Microsoft Visual Studio Solution File, Format Version 12.00
# Visual Studio Version 16
VisualStudioVersion = 16.0.30611.23
MinimumVisualStudioVersion = 10.0.40219.1
Project("{FAE04EC0-301F-11D3-BF4B-00C04F79EFBC}") = "anaglyph-generator", "anaglyph-generator.csproj", "{20263032-5C38-4C1A-8533-5C7C86F1EBC1}"
EndProject
Global
	GlobalSection(SolutionConfigurationPlatforms) = preSolution
		Debug|Any CPU = Debug|Any CPU
		Release|Any CPU = Release|Any CPU
	EndGlobalSection
	GlobalSection(ProjectConfigurationPlatforms) = postSolution
		{20263032-5C38-4C1A-8533-5C7C86F1EBC1}.Debug|Any CPU.ActiveCfg = Debug|Any CPU
		{20263032-5C38-4C1A-8533-5C7C86F1EBC1}.Debug|Any CPU.Build.0 = Debug|Any CPU
		{20263032-5C38-4C1A-8533-5C7C86F1EBC1}.Release|Any CPU.ActiveCfg = Release|Any CPU
		{20263032-5C38-4C1A-8533-5C7C86F1EBC1}.Release|Any CPU.Build.0 = Release|Any CPU
	EndGlobalSection
	GlobalSection(SolutionProperties) = preSolution
		HideSolutionNode = FALSE
	EndGlobalSection
	GlobalSection(ExtensibilityGlobals) = postSolution
		SolutionGuid = {CE81BC8F-C683-4E69-BF1A-8DBCE75FE9E7}
	EndGlobalSection
EndGlobal
